
Microsoft Visual Studio Solution File, Format Version 12.00
# Visual Studio Version 16
VisualStudioVersion = 16.0.29123.88
MinimumVisualStudioVersion = 10.0.40219.1
Project("{FAE04EC0-301F-11D3-BF4B-00C04F79EFBC}") = "wpfexam", "wpfexam\wpfexam.csproj", "{F1519213-ACDF-4F41-9FE7-ABD4669C24F5}"
EndProject
Global
	GlobalSection(SolutionConfigurationPlatforms) = preSolution
		Debug|Any CPU = Debug|Any CPU
		Release|Any CPU = Release|Any CPU
	EndGlobalSection
	GlobalSection(ProjectConfigurationPlatforms) = postSolution
		{F1519213-ACDF-4F41-9FE7-ABD4669C24F5}.Debug|Any CPU.ActiveCfg = Debug|Any CPU
		{F1519213-ACDF-4F41-9FE7-ABD4669C24F5}.Debug|Any CPU.Build.0 = Debug|Any CPU
		{F1519213-ACDF-4F41-9FE7-ABD4669C24F5}.Release|Any CPU.ActiveCfg = Release|Any CPU
		{F1519213-ACDF-4F41-9FE7-ABD4669C24F5}.Release|Any CPU.Build.0 = Release|Any CPU
	EndGlobalSection
	GlobalSection(SolutionProperties) = preSolution
		HideSolutionNode = FALSE
	EndGlobalSection
	GlobalSection(ExtensibilityGlobals) = postSolution
		SolutionGuid = {F3A0EDEB-FA57-4C85-8912-DDEF4E90FC31}
	EndGlobalSection
EndGlobal
